// !$*UTF8*$!
{
	archiveVersion = 1;
	classes = {
	};
	objectVersion = 56;
	objects = {

/* Begin PBXBuildFile section */
		ED3A744129C0E45D009383F0 /* SwiftUIFirebaseApp.swift in Sources */ = {isa = PBXBuildFile; fileRef = ED3A744029C0E45D009383F0 /* SwiftUIFirebaseApp.swift */; };
		ED3A744329C0E45D009383F0 /* ContentView.swift in Sources */ = {isa = PBXBuildFile; fileRef = ED3A744229C0E45D009383F0 /* ContentView.swift */; };
		ED3A744529C0E45F009383F0 /* Assets.xcassets in Resources */ = {isa = PBXBuildFile; fileRef = ED3A744429C0E45F009383F0 /* Assets.xcassets */; };
		ED3A744829C0E45F009383F0 /* Preview Assets.xcassets in Resources */ = {isa = PBXBuildFile; fileRef = ED3A744729C0E45F009383F0 /* Preview Assets.xcassets */; };
		ED3A744F29C0E728009383F0 /* GoogleService-Info.plist in Resources */ = {isa = PBXBuildFile; fileRef = ED3A744E29C0E728009383F0 /* GoogleService-Info.plist */; };
		ED3A745229C0E965009383F0 /* FirebaseAnalytics in Frameworks */ = {isa = PBXBuildFile; productRef = ED3A745129C0E965009383F0 /* FirebaseAnalytics */; };
		ED3A745429C0E965009383F0 /* FirebaseAnalyticsSwift in Frameworks */ = {isa = PBXBuildFile; productRef = ED3A745329C0E965009383F0 /* FirebaseAnalyticsSwift */; };
		ED3A745729C24375009383F0 /* FirebaseAuth in Frameworks */ = {isa = PBXBuildFile; productRef = ED3A745629C24375009383F0 /* FirebaseAuth */; };
		ED6CA93929F2E696001CA06C /* Utilites.swift in Sources */ = {isa = PBXBuildFile; fileRef = ED6CA93829F2E696001CA06C /* Utilites.swift */; };
		EDC4F99B29C5C7BB0045C41B /* AuthenticationView.swift in Sources */ = {isa = PBXBuildFile; fileRef = EDC4F99A29C5C7BB0045C41B /* AuthenticationView.swift */; };
		EDC4F99D29C5CA120045C41B /* SignInEmailView.swift in Sources */ = {isa = PBXBuildFile; fileRef = EDC4F99C29C5CA120045C41B /* SignInEmailView.swift */; };
		EDC4F99F29C5CDCE0045C41B /* AuthenticationManager.swift in Sources */ = {isa = PBXBuildFile; fileRef = EDC4F99E29C5CDCE0045C41B /* AuthenticationManager.swift */; };
		EDC4F9A129C5D98A0045C41B /* RootView.swift in Sources */ = {isa = PBXBuildFile; fileRef = EDC4F9A029C5D98A0045C41B /* RootView.swift */; };
		EDC4F9A329C5DF610045C41B /* SettingsView.swift in Sources */ = {isa = PBXBuildFile; fileRef = EDC4F9A229C5DF610045C41B /* SettingsView.swift */; };
		EDC4F9A629C78AAA0045C41B /* GoogleSignIn in Frameworks */ = {isa = PBXBuildFile; productRef = EDC4F9A529C78AAA0045C41B /* GoogleSignIn */; };
		EDC4F9A829C78AAA0045C41B /* GoogleSignInSwift in Frameworks */ = {isa = PBXBuildFile; productRef = EDC4F9A729C78AAA0045C41B /* GoogleSignInSwift */; };
/* End PBXBuildFile section */

/* Begin PBXFileReference section */
		ED3A743D29C0E45D009383F0 /* SwiftUIFirebase.app */ = {isa = PBXFileReference; explicitFileType = wrapper.application; includeInIndex = 0; path = SwiftUIFirebase.app; sourceTree = BUILT_PRODUCTS_DIR; };
		ED3A744029C0E45D009383F0 /* SwiftUIFirebaseApp.swift */ = {isa = PBXFileReference; lastKnownFileType = sourcecode.swift; path = SwiftUIFirebaseApp.swift; sourceTree = "<group>"; };
		ED3A744229C0E45D009383F0 /* ContentView.swift */ = {isa = PBXFileReference; lastKnownFileType = sourcecode.swift; path = ContentView.swift; sourceTree = "<group>"; };
		ED3A744429C0E45F009383F0 /* Assets.xcassets */ = {isa = PBXFileReference; lastKnownFileType = folder.assetcatalog; path = Assets.xcassets; sourceTree = "<group>"; };
		ED3A744729C0E45F009383F0 /* Preview Assets.xcassets */ = {isa = PBXFileReference; lastKnownFileType = folder.assetcatalog; path = "Preview Assets.xcassets"; sourceTree = "<group>"; };
		ED3A744E29C0E728009383F0 /* GoogleService-Info.plist */ = {isa = PBXFileReference; fileEncoding = 4; lastKnownFileType = text.plist.xml; path = "GoogleService-Info.plist"; sourceTree = "<group>"; };
		ED6CA93629F2E1EC001CA06C /* Info.plist */ = {isa = PBXFileReference; lastKnownFileType = text.plist; path = Info.plist; sourceTree = "<group>"; };
		ED6CA93829F2E696001CA06C /* Utilites.swift */ = {isa = PBXFileReference; lastKnownFileType = sourcecode.swift; path = Utilites.swift; sourceTree = "<group>"; };
		EDC4F99A29C5C7BB0045C41B /* AuthenticationView.swift */ = {isa = PBXFileReference; lastKnownFileType = sourcecode.swift; path = AuthenticationView.swift; sourceTree = "<group>"; };
		EDC4F99C29C5CA120045C41B /* SignInEmailView.swift */ = {isa = PBXFileReference; lastKnownFileType = sourcecode.swift; path = SignInEmailView.swift; sourceTree = "<group>"; };
		EDC4F99E29C5CDCE0045C41B /* AuthenticationManager.swift */ = {isa = PBXFileReference; lastKnownFileType = sourcecode.swift; path = AuthenticationManager.swift; sourceTree = "<group>"; };
		EDC4F9A029C5D98A0045C41B /* RootView.swift */ = {isa = PBXFileReference; lastKnownFileType = sourcecode.swift; path = RootView.swift; sourceTree = "<group>"; };
		EDC4F9A229C5DF610045C41B /* SettingsView.swift */ = {isa = PBXFileReference; lastKnownFileType = sourcecode.swift; path = SettingsView.swift; sourceTree = "<group>"; };
/* End PBXFileReference section */

/* Begin PBXFrameworksBuildPhase section */
		ED3A743A29C0E45D009383F0 /* Frameworks */ = {
			isa = PBXFrameworksBuildPhase;
			buildActionMask = 2147483647;
			files = (
				EDC4F9A829C78AAA0045C41B /* GoogleSignInSwift in Frameworks */,
				ED3A745429C0E965009383F0 /* FirebaseAnalyticsSwift in Frameworks */,
				EDC4F9A629C78AAA0045C41B /* GoogleSignIn in Frameworks */,
				ED3A745729C24375009383F0 /* FirebaseAuth in Frameworks */,
				ED3A745229C0E965009383F0 /* FirebaseAnalytics in Frameworks */,
			);
			runOnlyForDeploymentPostprocessing = 0;
		};
/* End PBXFrameworksBuildPhase section */

/* Begin PBXGroup section */
		ED3A743429C0E45C009383F0 = {
			isa = PBXGroup;
			children = (
				ED3A743F29C0E45D009383F0 /* SwiftUIFirebase */,
				ED3A743E29C0E45D009383F0 /* Products */,
				ED3A745529C24375009383F0 /* Frameworks */,
			);
			sourceTree = "<group>";
		};
		ED3A743E29C0E45D009383F0 /* Products */ = {
			isa = PBXGroup;
			children = (
				ED3A743D29C0E45D009383F0 /* SwiftUIFirebase.app */,
			);
			name = Products;
			sourceTree = "<group>";
		};
		ED3A743F29C0E45D009383F0 /* SwiftUIFirebase */ = {
			isa = PBXGroup;
			children = (
				ED6CA93629F2E1EC001CA06C /* Info.plist */,
				ED3A744029C0E45D009383F0 /* SwiftUIFirebaseApp.swift */,
				ED3A744229C0E45D009383F0 /* ContentView.swift */,
				ED6CA93729F2E66B001CA06C /* Utilites */,
				EDC4F99929C5C7860045C41B /* Authentication */,
				ED3A744E29C0E728009383F0 /* GoogleService-Info.plist */,
				ED3A744429C0E45F009383F0 /* Assets.xcassets */,
				ED3A744629C0E45F009383F0 /* Preview Content */,
			);
			path = SwiftUIFirebase;
			sourceTree = "<group>";
		};
		ED3A744629C0E45F009383F0 /* Preview Content */ = {
			isa = PBXGroup;
			children = (
				ED3A744729C0E45F009383F0 /* Preview Assets.xcassets */,
			);
			path = "Preview Content";
			sourceTree = "<group>";
		};
		ED3A745529C24375009383F0 /* Frameworks */ = {
			isa = PBXGroup;
			children = (
			);
			name = Frameworks;
			sourceTree = "<group>";
		};
		ED6CA93729F2E66B001CA06C /* Utilites */ = {
			isa = PBXGroup;
			children = (
				ED6CA93829F2E696001CA06C /* Utilites.swift */,
			);
			path = Utilites;
			sourceTree = "<group>";
		};
		EDC4F99929C5C7860045C41B /* Authentication */ = {
			isa = PBXGroup;
			children = (
				EDC4F9A029C5D98A0045C41B /* RootView.swift */,
				EDC4F99C29C5CA120045C41B /* SignInEmailView.swift */,
				EDC4F99A29C5C7BB0045C41B /* AuthenticationView.swift */,
				EDC4F9A229C5DF610045C41B /* SettingsView.swift */,
				EDC4F99E29C5CDCE0045C41B /* AuthenticationManager.swift */,
			);
			path = Authentication;
			sourceTree = "<group>";
		};
/* End PBXGroup section */

/* Begin PBXNativeTarget section */
		ED3A743C29C0E45D009383F0 /* SwiftUIFirebase */ = {
			isa = PBXNativeTarget;
			buildConfigurationList = ED3A744B29C0E45F009383F0 /* Build configuration list for PBXNativeTarget "SwiftUIFirebase" */;
			buildPhases = (
				ED3A743929C0E45D009383F0 /* Sources */,
				ED3A743A29C0E45D009383F0 /* Frameworks */,
				ED3A743B29C0E45D009383F0 /* Resources */,
			);
			buildRules = (
			);
			dependencies = (
			);
			name = SwiftUIFirebase;
			packageProductDependencies = (
				ED3A745129C0E965009383F0 /* FirebaseAnalytics */,
				ED3A745329C0E965009383F0 /* FirebaseAnalyticsSwift */,
				ED3A745629C24375009383F0 /* FirebaseAuth */,
				EDC4F9A529C78AAA0045C41B /* GoogleSignIn */,
				EDC4F9A729C78AAA0045C41B /* GoogleSignInSwift */,
			);
			productName = SwiftUIFirebase;
			productReference = ED3A743D29C0E45D009383F0 /* SwiftUIFirebase.app */;
			productType = "com.apple.product-type.application";
		};
/* End PBXNativeTarget section */

/* Begin PBXProject section */
		ED3A743529C0E45C009383F0 /* Project object */ = {
			isa = PBXProject;
			attributes = {
				BuildIndependentTargetsInParallel = 1;
				LastSwiftUpdateCheck = 1420;
				LastUpgradeCheck = 1420;
				TargetAttributes = {
					ED3A743C29C0E45D009383F0 = {
						CreatedOnToolsVersion = 14.2;
					};
				};
			};
			buildConfigurationList = ED3A743829C0E45C009383F0 /* Build configuration list for PBXProject "SwiftUIFirebase" */;
			compatibilityVersion = "Xcode 14.0";
			developmentRegion = en;
			hasScannedForEncodings = 0;
			knownRegions = (
				en,
				Base,
			);
			mainGroup = ED3A743429C0E45C009383F0;
			packageReferences = (
				ED3A745029C0E965009383F0 /* XCRemoteSwiftPackageReference "firebase-ios-sdk" */,
				EDC4F9A429C78AAA0045C41B /* XCRemoteSwiftPackageReference "GoogleSignIn-iOS" */,
			);
			productRefGroup = ED3A743E29C0E45D009383F0 /* Products */;
			projectDirPath = "";
			projectRoot = "";
			targets = (
				ED3A743C29C0E45D009383F0 /* SwiftUIFirebase */,
			);
		};
/* End PBXProject section */

/* Begin PBXResourcesBuildPhase section */
		ED3A743B29C0E45D009383F0 /* Resources */ = {
			isa = PBXResourcesBuildPhase;
			buildActionMask = 2147483647;
			files = (
				ED3A744829C0E45F009383F0 /* Preview Assets.xcassets in Resources */,
				ED3A744529C0E45F009383F0 /* Assets.xcassets in Resources */,
				ED3A744F29C0E728009383F0 /* GoogleService-Info.plist in Resources */,
			);
			runOnlyForDeploymentPostprocessing = 0;
		};
/* End PBXResourcesBuildPhase section */

/* Begin PBXSourcesBuildPhase section */
		ED3A743929C0E45D009383F0 /* Sources */ = {
			isa = PBXSourcesBuildPhase;
			buildActionMask = 2147483647;
			files = (
				EDC4F9A329C5DF610045C41B /* SettingsView.swift in Sources */,
				ED3A744329C0E45D009383F0 /* ContentView.swift in Sources */,
				ED3A744129C0E45D009383F0 /* SwiftUIFirebaseApp.swift in Sources */,
				EDC4F9A129C5D98A0045C41B /* RootView.swift in Sources */,
				ED6CA93929F2E696001CA06C /* Utilites.swift in Sources */,
				EDC4F99F29C5CDCE0045C41B /* AuthenticationManager.swift in Sources */,
				EDC4F99B29C5C7BB0045C41B /* AuthenticationView.swift in Sources */,
				EDC4F99D29C5CA120045C41B /* SignInEmailView.swift in Sources */,
			);
			runOnlyForDeploymentPostprocessing = 0;
		};
/* End PBXSourcesBuildPhase section */

/* Begin XCBuildConfiguration section */
		ED3A744929C0E45F009383F0 /* Debug */ = {
			isa = XCBuildConfiguration;
			buildSettings = {
				ALWAYS_SEARCH_USER_PATHS = NO;
				CLANG_ANALYZER_NONNULL = YES;
				CLANG_ANALYZER_NUMBER_OBJECT_CONVERSION = YES_AGGRESSIVE;
				CLANG_CXX_LANGUAGE_STANDARD = "gnu++20";
				CLANG_ENABLE_MODULES = YES;
				CLANG_ENABLE_OBJC_ARC = YES;
				CLANG_ENABLE_OBJC_WEAK = YES;
				CLANG_WARN_BLOCK_CAPTURE_AUTORELEASING = YES;
				CLANG_WARN_BOOL_CONVERSION = YES;
				CLANG_WARN_COMMA = YES;
				CLANG_WARN_CONSTANT_CONVERSION = YES;
				CLANG_WARN_DEPRECATED_OBJC_IMPLEMENTATIONS = YES;
				CLANG_WARN_DIRECT_OBJC_ISA_USAGE = YES_ERROR;
				CLANG_WARN_DOCUMENTATION_COMMENTS = YES;
				CLANG_WARN_EMPTY_BODY = YES;
				CLANG_WARN_ENUM_CONVERSION = YES;
				CLANG_WARN_INFINITE_RECURSION = YES;
				CLANG_WARN_INT_CONVERSION = YES;
				CLANG_WARN_NON_LITERAL_NULL_CONVERSION = YES;
				CLANG_WARN_OBJC_IMPLICIT_RETAIN_SELF = YES;
				CLANG_WARN_OBJC_LITERAL_CONVERSION = YES;
				CLANG_WARN_OBJC_ROOT_CLASS = YES_ERROR;
				CLANG_WARN_QUOTED_INCLUDE_IN_FRAMEWORK_HEADER = YES;
				CLANG_WARN_RANGE_LOOP_ANALYSIS = YES;
				CLANG_WARN_STRICT_PROTOTYPES = YES;
				CLANG_WARN_SUSPICIOUS_MOVE = YES;
				CLANG_WARN_UNGUARDED_AVAILABILITY = YES_AGGRESSIVE;
				CLANG_WARN_UNREACHABLE_CODE = YES;
				CLANG_WARN__DUPLICATE_METHOD_MATCH = YES;
				COPY_PHASE_STRIP = NO;
				DEBUG_INFORMATION_FORMAT = dwarf;
				ENABLE_STRICT_OBJC_MSGSEND = YES;
				ENABLE_TESTABILITY = YES;
				GCC_C_LANGUAGE_STANDARD = gnu11;
				GCC_DYNAMIC_NO_PIC = NO;
				GCC_NO_COMMON_BLOCKS = YES;
				GCC_OPTIMIZATION_LEVEL = 0;
				GCC_PREPROCESSOR_DEFINITIONS = (
					"DEBUG=1",
					"$(inherited)",
				);
				GCC_WARN_64_TO_32_BIT_CONVERSION = YES;
				GCC_WARN_ABOUT_RETURN_TYPE = YES_ERROR;
				GCC_WARN_UNDECLARED_SELECTOR = YES;
				GCC_WARN_UNINITIALIZED_AUTOS = YES_AGGRESSIVE;
				GCC_WARN_UNUSED_FUNCTION = YES;
				GCC_WARN_UNUSED_VARIABLE = YES;
				IPHONEOS_DEPLOYMENT_TARGET = 16.2;
				MTL_ENABLE_DEBUG_INFO = INCLUDE_SOURCE;
				MTL_FAST_MATH = YES;
				ONLY_ACTIVE_ARCH = YES;
				SDKROOT = iphoneos;
				SWIFT_ACTIVE_COMPILATION_CONDITIONS = DEBUG;
				SWIFT_OPTIMIZATION_LEVEL = "-Onone";
			};
			name = Debug;
		};
		ED3A744A29C0E45F009383F0 /* Release */ = {
			isa = XCBuildConfiguration;
			buildSettings = {
				ALWAYS_SEARCH_USER_PATHS = NO;
				CLANG_ANALYZER_NONNULL = YES;
				CLANG_ANALYZER_NUMBER_OBJECT_CONVERSION = YES_AGGRESSIVE;
				CLANG_CXX_LANGUAGE_STANDARD = "gnu++20";
				CLANG_ENABLE_MODULES = YES;
				CLANG_ENABLE_OBJC_ARC = YES;
				CLANG_ENABLE_OBJC_WEAK = YES;
				CLANG_WARN_BLOCK_CAPTURE_AUTORELEASING = YES;
				CLANG_WARN_BOOL_CONVERSION = YES;
				CLANG_WARN_COMMA = YES;
				CLANG_WARN_CONSTANT_CONVERSION = YES;
				CLANG_WARN_DEPRECATED_OBJC_IMPLEMENTATIONS = YES;
				CLANG_WARN_DIRECT_OBJC_ISA_USAGE = YES_ERROR;
				CLANG_WARN_DOCUMENTATION_COMMENTS = YES;
				CLANG_WARN_EMPTY_BODY = YES;
				CLANG_WARN_ENUM_CONVERSION = YES;
				CLANG_WARN_INFINITE_RECURSION = YES;
				CLANG_WARN_INT_CONVERSION = YES;
				CLANG_WARN_NON_LITERAL_NULL_CONVERSION = YES;
				CLANG_WARN_OBJC_IMPLICIT_RETAIN_SELF = YES;
				CLANG_WARN_OBJC_LITERAL_CONVERSION = YES;
				CLANG_WARN_OBJC_ROOT_CLASS = YES_ERROR;
				CLANG_WARN_QUOTED_INCLUDE_IN_FRAMEWORK_HEADER = YES;
				CLANG_WARN_RANGE_LOOP_ANALYSIS = YES;
				CLANG_WARN_STRICT_PROTOTYPES = YES;
				CLANG_WARN_SUSPICIOUS_MOVE = YES;
				CLANG_WARN_UNGUARDED_AVAILABILITY = YES_AGGRESSIVE;
				CLANG_WARN_UNREACHABLE_CODE = YES;
				CLANG_WARN__DUPLICATE_METHOD_MATCH = YES;
				COPY_PHASE_STRIP = NO;
				DEBUG_INFORMATION_FORMAT = "dwarf-with-dsym";
				ENABLE_NS_ASSERTIONS = NO;
				ENABLE_STRICT_OBJC_MSGSEND = YES;
				GCC_C_LANGUAGE_STANDARD = gnu11;
				GCC_NO_COMMON_BLOCKS = YES;
				GCC_WARN_64_TO_32_BIT_CONVERSION = YES;
				GCC_WARN_ABOUT_RETURN_TYPE = YES_ERROR;
				GCC_WARN_UNDECLARED_SELECTOR = YES;
				GCC_WARN_UNINITIALIZED_AUTOS = YES_AGGRESSIVE;
				GCC_WARN_UNUSED_FUNCTION = YES;
				GCC_WARN_UNUSED_VARIABLE = YES;
				IPHONEOS_DEPLOYMENT_TARGET = 16.2;
				MTL_ENABLE_DEBUG_INFO = NO;
				MTL_FAST_MATH = YES;
				SDKROOT = iphoneos;
				SWIFT_COMPILATION_MODE = wholemodule;
				SWIFT_OPTIMIZATION_LEVEL = "-O";
				VALIDATE_PRODUCT = YES;
			};
			name = Release;
		};
		ED3A744C29C0E45F009383F0 /* Debug */ = {
			isa = XCBuildConfiguration;
			buildSettings = {
				ASSETCATALOG_COMPILER_APPICON_NAME = AppIcon;
				ASSETCATALOG_COMPILER_GLOBAL_ACCENT_COLOR_NAME = AccentColor;
				CODE_SIGN_STYLE = Automatic;
				CURRENT_PROJECT_VERSION = 1;
				DEVELOPMENT_ASSET_PATHS = "\"SwiftUIFirebase/Preview Content\"";
				DEVELOPMENT_TEAM = WUPLHJKG9Y;
				ENABLE_PREVIEWS = YES;
				GENERATE_INFOPLIST_FILE = YES;
				INFOPLIST_FILE = SwiftUIFirebase/Info.plist;
				INFOPLIST_KEY_UIApplicationSceneManifest_Generation = YES;
				INFOPLIST_KEY_UIApplicationSupportsIndirectInputEvents = YES;
				INFOPLIST_KEY_UILaunchScreen_Generation = YES;
				INFOPLIST_KEY_UISupportedInterfaceOrientations_iPad = "UIInterfaceOrientationPortrait UIInterfaceOrientationPortraitUpsideDown UIInterfaceOrientationLandscapeLeft UIInterfaceOrientationLandscapeRight";
				INFOPLIST_KEY_UISupportedInterfaceOrientations_iPhone = "UIInterfaceOrientationPortrait UIInterfaceOrientationLandscapeLeft UIInterfaceOrientationLandscapeRight";
				LD_RUNPATH_SEARCH_PATHS = (
					"$(inherited)",
					"@executable_path/Frameworks",
				);
				MARKETING_VERSION = 1.0;
				PRODUCT_BUNDLE_IDENTIFIER = ru.kirill.SwiftUIFirebase;
				PRODUCT_NAME = "$(TARGET_NAME)";
				SWIFT_EMIT_LOC_STRINGS = YES;
				SWIFT_VERSION = 5.0;
				TARGETED_DEVICE_FAMILY = "1,2";
			};
			name = Debug;
		};
		ED3A744D29C0E45F009383F0 /* Release */ = {
			isa = XCBuildConfiguration;
			buildSettings = {
				ASSETCATALOG_COMPILER_APPICON_NAME = AppIcon;
				ASSETCATALOG_COMPILER_GLOBAL_ACCENT_COLOR_NAME = AccentColor;
				CODE_SIGN_STYLE = Automatic;
				CURRENT_PROJECT_VERSION = 1;
				DEVELOPMENT_ASSET_PATHS = "\"SwiftUIFirebase/Preview Content\"";
				DEVELOPMENT_TEAM = WUPLHJKG9Y;
				ENABLE_PREVIEWS = YES;
				GENERATE_INFOPLIST_FILE = YES;
				INFOPLIST_FILE = SwiftUIFirebase/Info.plist;
				INFOPLIST_KEY_UIApplicationSceneManifest_Generation = YES;
				INFOPLIST_KEY_UIApplicationSupportsIndirectInputEvents = YES;
				INFOPLIST_KEY_UILaunchScreen_Generation = YES;
				INFOPLIST_KEY_UISupportedInterfaceOrientations_iPad = "UIInterfaceOrientationPortrait UIInterfaceOrientationPortraitUpsideDown UIInterfaceOrientationLandscapeLeft UIInterfaceOrientationLandscapeRight";
				INFOPLIST_KEY_UISupportedInterfaceOrientations_iPhone = "UIInterfaceOrientationPortrait UIInterfaceOrientationLandscapeLeft UIInterfaceOrientationLandscapeRight";
				LD_RUNPATH_SEARCH_PATHS = (
					"$(inherited)",
					"@executable_path/Frameworks",
				);
				MARKETING_VERSION = 1.0;
				PRODUCT_BUNDLE_IDENTIFIER = ru.kirill.SwiftUIFirebase;
				PRODUCT_NAME = "$(TARGET_NAME)";
				SWIFT_EMIT_LOC_STRINGS = YES;
				SWIFT_VERSION = 5.0;
				TARGETED_DEVICE_FAMILY = "1,2";
			};
			name = Release;
		};
/* End XCBuildConfiguration section */

/* Begin XCConfigurationList section */
		ED3A743829C0E45C009383F0 /* Build configuration list for PBXProject "SwiftUIFirebase" */ = {
			isa = XCConfigurationList;
			buildConfigurations = (
				ED3A744929C0E45F009383F0 /* Debug */,
				ED3A744A29C0E45F009383F0 /* Release */,
			);
			defaultConfigurationIsVisible = 0;
			defaultConfigurationName = Release;
		};
		ED3A744B29C0E45F009383F0 /* Build configuration list for PBXNativeTarget "SwiftUIFirebase" */ = {
			isa = XCConfigurationList;
			buildConfigurations = (
				ED3A744C29C0E45F009383F0 /* Debug */,
				ED3A744D29C0E45F009383F0 /* Release */,
			);
			defaultConfigurationIsVisible = 0;
			defaultConfigurationName = Release;
		};
/* End XCConfigurationList section */

/* Begin XCRemoteSwiftPackageReference section */
		ED3A745029C0E965009383F0 /* XCRemoteSwiftPackageReference "firebase-ios-sdk" */ = {
			isa = XCRemoteSwiftPackageReference;
			repositoryURL = "https://github.com/firebase/firebase-ios-sdk.git";
			requirement = {
				kind = exactVersion;
				version = 10.6.0;
			};
		};
		EDC4F9A429C78AAA0045C41B /* XCRemoteSwiftPackageReference "GoogleSignIn-iOS" */ = {
			isa = XCRemoteSwiftPackageReference;
			repositoryURL = "https://github.com/google/GoogleSignIn-iOS.git";
			requirement = {
				kind = upToNextMajorVersion;
				minimumVersion = 7.0.0;
			};
		};
/* End XCRemoteSwiftPackageReference section */

/* Begin XCSwiftPackageProductDependency section */
		ED3A745129C0E965009383F0 /* FirebaseAnalytics */ = {
			isa = XCSwiftPackageProductDependency;
			package = ED3A745029C0E965009383F0 /* XCRemoteSwiftPackageReference "firebase-ios-sdk" */;
			productName = FirebaseAnalytics;
		};
		ED3A745329C0E965009383F0 /* FirebaseAnalyticsSwift */ = {
			isa = XCSwiftPackageProductDependency;
			package = ED3A745029C0E965009383F0 /* XCRemoteSwiftPackageReference "firebase-ios-sdk" */;
			productName = FirebaseAnalyticsSwift;
		};
		ED3A745629C24375009383F0 /* FirebaseAuth */ = {
			isa = XCSwiftPackageProductDependency;
			package = ED3A745029C0E965009383F0 /* XCRemoteSwiftPackageReference "firebase-ios-sdk" */;
			productName = FirebaseAuth;
		};
		EDC4F9A529C78AAA0045C41B /* GoogleSignIn */ = {
			isa = XCSwiftPackageProductDependency;
			package = EDC4F9A429C78AAA0045C41B /* XCRemoteSwiftPackageReference "GoogleSignIn-iOS" */;
			productName = GoogleSignIn;
		};
		EDC4F9A729C78AAA0045C41B /* GoogleSignInSwift */ = {
			isa = XCSwiftPackageProductDependency;
			package = EDC4F9A429C78AAA0045C41B /* XCRemoteSwiftPackageReference "GoogleSignIn-iOS" */;
			productName = GoogleSignInSwift;
		};
/* End XCSwiftPackageProductDependency section */
	};
	rootObject = ED3A743529C0E45C009383F0 /* Project object */;
}
